
Microsoft Visual Studio Solution File, Format Version 12.00
# Visual Studio 14
VisualStudioVersion = 14.0.23107.0
MinimumVisualStudioVersion = 10.0.40219.1
Project("{FAE04EC0-301F-11D3-BF4B-00C04F79EFBC}") = "05.PrintYourName", "05.PrintYourName\05.PrintYourName.csproj", "{C9523929-6EDE-4F09-A14A-0D76FF59ECF2}"
EndProject
Project("{FAE04EC0-301F-11D3-BF4B-00C04F79EFBC}") = "06.NumberSequence", "06.NumberSequence\06.NumberSequence.csproj", "{4ECFA307-6654-49BC-BFFA-120D83E52B23}"
EndProject
Project("{FAE04EC0-301F-11D3-BF4B-00C04F79EFBC}") = "07.FirstLastName", "07.FirstLastName\07.FirstLastName.csproj", "{5A4953D9-B3A0-4654-85E6-A178BE834D01}"
EndProject
Project("{FAE04EC0-301F-11D3-BF4B-00C04F79EFBC}") = "08.SquereRoot", "08.SquereRoot\08.SquereRoot.csproj", "{D4E66006-287F-4A12-8C0B-394DD886F393}"
EndProject
Project("{FAE04EC0-301F-11D3-BF4B-00C04F79EFBC}") = "09.PrintASequence", "09.PrintASequence\09.PrintASequence.csproj", "{A84F992D-DD99-4781-AF21-612078DA693C}"
EndProject
Project("{FAE04EC0-301F-11D3-BF4B-00C04F79EFBC}") = "10.ReformatCSharpCode", "10.ReformatCSharpCode\10.ReformatCSharpCode.csproj", "{77C5EC80-D992-4E1C-9A96-4356384B4D33}"
EndProject
Project("{2150E333-8FDC-42A3-9474-1A3956D46DE8}") = "11-12-13", "11-12-13", "{B515E078-0EBE-4617-A598-2935EF419C9B}"
	ProjectSection(SolutionItems) = preProject
		11.ProgrammingLanguages.txt = 11.ProgrammingLanguages.txt
		12.DevelopmentEnvironment.txt = 12.DevelopmentEnvironment.txt
		13.DifferencesCSharpAndDotNetF.txt = 13.DifferencesCSharpAndDotNetF.txt
	EndProjectSection
EndProject
Project("{FAE04EC0-301F-11D3-BF4B-00C04F79EFBC}") = "14.CurrentDateTime", "14.CurrentDateTime\14.CurrentDateTime.csproj", "{9A63E27C-4961-424D-A506-E55D7DA2F790}"
EndProject
Project("{FAE04EC0-301F-11D3-BF4B-00C04F79EFBC}") = "15.AgeAfterTenYears", "15.AgeAfterTenYears\15.AgeAfterTenYears.csproj", "{3E7F5A19-A52E-4387-8CB9-DBA4EC06F441}"
EndProject
Project("{FAE04EC0-301F-11D3-BF4B-00C04F79EFBC}") = "16.PrintLongSequence", "16.PrintLongSequence\16.PrintLongSequence.csproj", "{73E7FA65-5280-4DD9-A7CF-C930DBC733D5}"
EndProject
Project("{FAE04EC0-301F-11D3-BF4B-00C04F79EFBC}") = "04.HelloSCharp", "04.HelloSCharp\04.HelloSCharp.csproj", "{5E328F5A-BE03-449D-BA16-A7A00E1AFCFF}"
EndProject
Global
	GlobalSection(SolutionConfigurationPlatforms) = preSolution
		Debug|Any CPU = Debug|Any CPU
		Release|Any CPU = Release|Any CPU
	EndGlobalSection
	GlobalSection(ProjectConfigurationPlatforms) = postSolution
		{C9523929-6EDE-4F09-A14A-0D76FF59ECF2}.Debug|Any CPU.ActiveCfg = Debug|Any CPU
		{C9523929-6EDE-4F09-A14A-0D76FF59ECF2}.Debug|Any CPU.Build.0 = Debug|Any CPU
		{C9523929-6EDE-4F09-A14A-0D76FF59ECF2}.Release|Any CPU.ActiveCfg = Release|Any CPU
		{C9523929-6EDE-4F09-A14A-0D76FF59ECF2}.Release|Any CPU.Build.0 = Release|Any CPU
		{4ECFA307-6654-49BC-BFFA-120D83E52B23}.Debug|Any CPU.ActiveCfg = Debug|Any CPU
		{4ECFA307-6654-49BC-BFFA-120D83E52B23}.Debug|Any CPU.Build.0 = Debug|Any CPU
		{4ECFA307-6654-49BC-BFFA-120D83E52B23}.Release|Any CPU.ActiveCfg = Release|Any CPU
		{4ECFA307-6654-49BC-BFFA-120D83E52B23}.Release|Any CPU.Build.0 = Release|Any CPU
		{5A4953D9-B3A0-4654-85E6-A178BE834D01}.Debug|Any CPU.ActiveCfg = Debug|Any CPU
		{5A4953D9-B3A0-4654-85E6-A178BE834D01}.Debug|Any CPU.Build.0 = Debug|Any CPU
		{5A4953D9-B3A0-4654-85E6-A178BE834D01}.Release|Any CPU.ActiveCfg = Release|Any CPU
		{5A4953D9-B3A0-4654-85E6-A178BE834D01}.Release|Any CPU.Build.0 = Release|Any CPU
		{D4E66006-287F-4A12-8C0B-394DD886F393}.Debug|Any CPU.ActiveCfg = Debug|Any CPU
		{D4E66006-287F-4A12-8C0B-394DD886F393}.Debug|Any CPU.Build.0 = Debug|Any CPU
		{D4E66006-287F-4A12-8C0B-394DD886F393}.Release|Any CPU.ActiveCfg = Release|Any CPU
		{D4E66006-287F-4A12-8C0B-394DD886F393}.Release|Any CPU.Build.0 = Release|Any CPU
		{A84F992D-DD99-4781-AF21-612078DA693C}.Debug|Any CPU.ActiveCfg = Debug|Any CPU
		{A84F992D-DD99-4781-AF21-612078DA693C}.Debug|Any CPU.Build.0 = Debug|Any CPU
		{A84F992D-DD99-4781-AF21-612078DA693C}.Release|Any CPU.ActiveCfg = Release|Any CPU
		{A84F992D-DD99-4781-AF21-612078DA693C}.Release|Any CPU.Build.0 = Release|Any CPU
		{77C5EC80-D992-4E1C-9A96-4356384B4D33}.Debug|Any CPU.ActiveCfg = Debug|Any CPU
		{77C5EC80-D992-4E1C-9A96-4356384B4D33}.Debug|Any CPU.Build.0 = Debug|Any CPU
		{77C5EC80-D992-4E1C-9A96-4356384B4D33}.Release|Any CPU.ActiveCfg = Release|Any CPU
		{77C5EC80-D992-4E1C-9A96-4356384B4D33}.Release|Any CPU.Build.0 = Release|Any CPU
		{9A63E27C-4961-424D-A506-E55D7DA2F790}.Debug|Any CPU.ActiveCfg = Debug|Any CPU
		{9A63E27C-4961-424D-A506-E55D7DA2F790}.Debug|Any CPU.Build.0 = Debug|Any CPU
		{9A63E27C-4961-424D-A506-E55D7DA2F790}.Release|Any CPU.ActiveCfg = Release|Any CPU
		{9A63E27C-4961-424D-A506-E55D7DA2F790}.Release|Any CPU.Build.0 = Release|Any CPU
		{3E7F5A19-A52E-4387-8CB9-DBA4EC06F441}.Debug|Any CPU.ActiveCfg = Debug|Any CPU
		{3E7F5A19-A52E-4387-8CB9-DBA4EC06F441}.Debug|Any CPU.Build.0 = Debug|Any CPU
		{3E7F5A19-A52E-4387-8CB9-DBA4EC06F441}.Release|Any CPU.ActiveCfg = Release|Any CPU
		{3E7F5A19-A52E-4387-8CB9-DBA4EC06F441}.Release|Any CPU.Build.0 = Release|Any CPU
		{73E7FA65-5280-4DD9-A7CF-C930DBC733D5}.Debug|Any CPU.ActiveCfg = Debug|Any CPU
		{73E7FA65-5280-4DD9-A7CF-C930DBC733D5}.Debug|Any CPU.Build.0 = Debug|Any CPU
		{73E7FA65-5280-4DD9-A7CF-C930DBC733D5}.Release|Any CPU.ActiveCfg = Release|Any CPU
		{73E7FA65-5280-4DD9-A7CF-C930DBC733D5}.Release|Any CPU.Build.0 = Release|Any CPU
		{5E328F5A-BE03-449D-BA16-A7A00E1AFCFF}.Debug|Any CPU.ActiveCfg = Debug|Any CPU
		{5E328F5A-BE03-449D-BA16-A7A00E1AFCFF}.Debug|Any CPU.Build.0 = Debug|Any CPU
		{5E328F5A-BE03-449D-BA16-A7A00E1AFCFF}.Release|Any CPU.ActiveCfg = Release|Any CPU
		{5E328F5A-BE03-449D-BA16-A7A00E1AFCFF}.Release|Any CPU.Build.0 = Release|Any CPU
	EndGlobalSection
	GlobalSection(SolutionProperties) = preSolution
		HideSolutionNode = FALSE
	EndGlobalSection
EndGlobal
