
Microsoft Visual Studio Solution File, Format Version 11.00
# Visual Studio 2010
# SharpDevelop 5.1
Project("{FAE04EC0-301F-11D3-BF4B-00C04F79EFBC}") = "FillTheMatrix", "FillTheMatrix\FillTheMatrix.csproj", "{6DB89D0F-2BCF-4A6E-B87C-B3E1554ACB39}"
EndProject
Project("{FAE04EC0-301F-11D3-BF4B-00C04F79EFBC}") = "MaximalSum", "MaximalSum\MaximalSum.csproj", "{E370431B-9330-4E2E-8407-3805D803887A}"
EndProject
Project("{FAE04EC0-301F-11D3-BF4B-00C04F79EFBC}") = "SequenceNMatrix", "SequenceNMatrix\SequenceNMatrix.csproj", "{0AE12D95-97BA-4E7D-A065-5C27E012FE25}"
EndProject
Project("{FAE04EC0-301F-11D3-BF4B-00C04F79EFBC}") = "BinarySearch", "BinarySearch\BinarySearch.csproj", "{4471851C-8E86-4C63-B744-E5FD1FFA421F}"
EndProject
Project("{FAE04EC0-301F-11D3-BF4B-00C04F79EFBC}") = "SortByStringLength", "SortByStringLength\SortByStringLength.csproj", "{CC2FB60C-30F1-4C12-B51A-D854021B8275}"
EndProject
Global
	GlobalSection(SolutionConfigurationPlatforms) = preSolution
		Debug|Any CPU = Debug|Any CPU
		Release|Any CPU = Release|Any CPU
	EndGlobalSection
	GlobalSection(ProjectConfigurationPlatforms) = postSolution
		{6DB89D0F-2BCF-4A6E-B87C-B3E1554ACB39}.Debug|Any CPU.ActiveCfg = Debug|Any CPU
		{6DB89D0F-2BCF-4A6E-B87C-B3E1554ACB39}.Debug|Any CPU.Build.0 = Debug|Any CPU
		{6DB89D0F-2BCF-4A6E-B87C-B3E1554ACB39}.Release|Any CPU.ActiveCfg = Release|Any CPU
		{6DB89D0F-2BCF-4A6E-B87C-B3E1554ACB39}.Release|Any CPU.Build.0 = Release|Any CPU
		{E370431B-9330-4E2E-8407-3805D803887A}.Debug|Any CPU.ActiveCfg = Debug|Any CPU
		{E370431B-9330-4E2E-8407-3805D803887A}.Debug|Any CPU.Build.0 = Debug|Any CPU
		{E370431B-9330-4E2E-8407-3805D803887A}.Release|Any CPU.ActiveCfg = Release|Any CPU
		{E370431B-9330-4E2E-8407-3805D803887A}.Release|Any CPU.Build.0 = Release|Any CPU
		{0AE12D95-97BA-4E7D-A065-5C27E012FE25}.Debug|Any CPU.ActiveCfg = Debug|Any CPU
		{0AE12D95-97BA-4E7D-A065-5C27E012FE25}.Debug|Any CPU.Build.0 = Debug|Any CPU
		{0AE12D95-97BA-4E7D-A065-5C27E012FE25}.Release|Any CPU.ActiveCfg = Release|Any CPU
		{0AE12D95-97BA-4E7D-A065-5C27E012FE25}.Release|Any CPU.Build.0 = Release|Any CPU
		{4471851C-8E86-4C63-B744-E5FD1FFA421F}.Debug|Any CPU.ActiveCfg = Debug|Any CPU
		{4471851C-8E86-4C63-B744-E5FD1FFA421F}.Debug|Any CPU.Build.0 = Debug|Any CPU
		{4471851C-8E86-4C63-B744-E5FD1FFA421F}.Release|Any CPU.ActiveCfg = Release|Any CPU
		{4471851C-8E86-4C63-B744-E5FD1FFA421F}.Release|Any CPU.Build.0 = Release|Any CPU
		{CC2FB60C-30F1-4C12-B51A-D854021B8275}.Debug|Any CPU.ActiveCfg = Debug|Any CPU
		{CC2FB60C-30F1-4C12-B51A-D854021B8275}.Debug|Any CPU.Build.0 = Debug|Any CPU
		{CC2FB60C-30F1-4C12-B51A-D854021B8275}.Release|Any CPU.ActiveCfg = Release|Any CPU
		{CC2FB60C-30F1-4C12-B51A-D854021B8275}.Release|Any CPU.Build.0 = Release|Any CPU
	EndGlobalSection
EndGlobal
