
Microsoft Visual Studio Solution File, Format Version 12.00
# Visual Studio 14
VisualStudioVersion = 14.0.25123.0
MinimumVisualStudioVersion = 10.0.40219.1
Project("{FAE04EC0-301F-11D3-BF4B-00C04F79EFBC}") = "01.3D Space", "01.3D Space\01.3D Space.csproj", "{00276421-EFAF-4579-915E-AC3A3487F771}"
EndProject
Project("{FAE04EC0-301F-11D3-BF4B-00C04F79EFBC}") = "05. Generic class", "05. Generic class\05. Generic class.csproj", "{D883016C-8209-4B92-A1CA-82F8E5FB34D7}"
EndProject
Project("{FAE04EC0-301F-11D3-BF4B-00C04F79EFBC}") = "08. Matrix", "08. Matrix\08. Matrix.csproj", "{CC3270DD-CB50-44E8-ACF7-2208D3067228}"
EndProject
Project("{FAE04EC0-301F-11D3-BF4B-00C04F79EFBC}") = "11. Version attribute", "11. Version attribute\11. Version attribute.csproj", "{7CFBA145-CB8B-4D09-8F43-D28505FDB95E}"
EndProject
Global
	GlobalSection(SolutionConfigurationPlatforms) = preSolution
		Debug|Any CPU = Debug|Any CPU
		Release|Any CPU = Release|Any CPU
	EndGlobalSection
	GlobalSection(ProjectConfigurationPlatforms) = postSolution
		{00276421-EFAF-4579-915E-AC3A3487F771}.Debug|Any CPU.ActiveCfg = Debug|Any CPU
		{00276421-EFAF-4579-915E-AC3A3487F771}.Debug|Any CPU.Build.0 = Debug|Any CPU
		{00276421-EFAF-4579-915E-AC3A3487F771}.Release|Any CPU.ActiveCfg = Release|Any CPU
		{00276421-EFAF-4579-915E-AC3A3487F771}.Release|Any CPU.Build.0 = Release|Any CPU
		{D883016C-8209-4B92-A1CA-82F8E5FB34D7}.Debug|Any CPU.ActiveCfg = Debug|Any CPU
		{D883016C-8209-4B92-A1CA-82F8E5FB34D7}.Debug|Any CPU.Build.0 = Debug|Any CPU
		{D883016C-8209-4B92-A1CA-82F8E5FB34D7}.Release|Any CPU.ActiveCfg = Release|Any CPU
		{D883016C-8209-4B92-A1CA-82F8E5FB34D7}.Release|Any CPU.Build.0 = Release|Any CPU
		{CC3270DD-CB50-44E8-ACF7-2208D3067228}.Debug|Any CPU.ActiveCfg = Debug|Any CPU
		{CC3270DD-CB50-44E8-ACF7-2208D3067228}.Debug|Any CPU.Build.0 = Debug|Any CPU
		{CC3270DD-CB50-44E8-ACF7-2208D3067228}.Release|Any CPU.ActiveCfg = Release|Any CPU
		{CC3270DD-CB50-44E8-ACF7-2208D3067228}.Release|Any CPU.Build.0 = Release|Any CPU
		{7CFBA145-CB8B-4D09-8F43-D28505FDB95E}.Debug|Any CPU.ActiveCfg = Debug|Any CPU
		{7CFBA145-CB8B-4D09-8F43-D28505FDB95E}.Debug|Any CPU.Build.0 = Debug|Any CPU
		{7CFBA145-CB8B-4D09-8F43-D28505FDB95E}.Release|Any CPU.ActiveCfg = Release|Any CPU
		{7CFBA145-CB8B-4D09-8F43-D28505FDB95E}.Release|Any CPU.Build.0 = Release|Any CPU
	EndGlobalSection
	GlobalSection(SolutionProperties) = preSolution
		HideSolutionNode = FALSE
	EndGlobalSection
EndGlobal
