
Microsoft Visual Studio Solution File, Format Version 12.00
# Visual Studio 14
VisualStudioVersion = 14.0.25123.0
MinimumVisualStudioVersion = 10.0.40219.1
Project("{FAE04EC0-301F-11D3-BF4B-00C04F79EFBC}") = "01.Allocate array", "Allocate array\01.Allocate array.csproj", "{76A32A4B-2568-4FFC-B28E-724D7365CE71}"
EndProject
Project("{FAE04EC0-301F-11D3-BF4B-00C04F79EFBC}") = "02.Compare arrays", "Compare arrays\02.Compare arrays.csproj", "{67893378-7E48-40F3-962D-A82F1BD278CD}"
EndProject
Project("{FAE04EC0-301F-11D3-BF4B-00C04F79EFBC}") = "03.Compare char arrays", "Compare char arrays\03.Compare char arrays.csproj", "{71A28C01-3F28-4B7E-B0CB-75777A936AEE}"
EndProject
Project("{FAE04EC0-301F-11D3-BF4B-00C04F79EFBC}") = "04.Maximal sequence", "Maximal sequence\04.Maximal sequence.csproj", "{DC5AE648-9AF4-43E5-B705-A52834DB60E5}"
EndProject
Project("{FAE04EC0-301F-11D3-BF4B-00C04F79EFBC}") = "05.Maximal increasing sequence", "Maximal increasing sequence\05.Maximal increasing sequence.csproj", "{957CF0C1-2F91-409C-8974-6F715A389552}"
EndProject
Project("{FAE04EC0-301F-11D3-BF4B-00C04F79EFBC}") = "06.MaximalKSum", "06.MaximalKSum\06.MaximalKSum.csproj", "{F286F541-6D49-4254-B181-74432B534EE4}"
EndProject
Project("{FAE04EC0-301F-11D3-BF4B-00C04F79EFBC}") = "07.Selection sort", "Selection sort\07.Selection sort.csproj", "{9B7D23F3-CB2B-4502-809E-3F47A8A5A0E7}"
EndProject
Project("{FAE04EC0-301F-11D3-BF4B-00C04F79EFBC}") = "08.Maximal sum", "08.Maximal sum\08.Maximal sum.csproj", "{F003BB96-C197-4611-8FB6-E7EF9EF8EBC2}"
EndProject
Project("{FAE04EC0-301F-11D3-BF4B-00C04F79EFBC}") = "09.Frequent number", "09.Frequent number\09.Frequent number.csproj", "{7CBF01BE-CAA1-4F34-8E5D-909CE82331CF}"
EndProject
Project("{FAE04EC0-301F-11D3-BF4B-00C04F79EFBC}") = "10.Find sum in array", "10.Find sum in array\10.Find sum in array.csproj", "{D7B141E2-5DBB-43C1-A6A6-C9111337C192}"
EndProject
Project("{FAE04EC0-301F-11D3-BF4B-00C04F79EFBC}") = "11.Binary search", "Binary search\11.Binary search.csproj", "{DE343716-1A0C-48D6-8D4C-D52D75EC81F8}"
EndProject
Project("{FAE04EC0-301F-11D3-BF4B-00C04F79EFBC}") = "12.Index of letters", "12.Index of letters\12.Index of letters.csproj", "{AAF11688-A0B0-41EA-9587-311A542A4CB7}"
EndProject
Project("{FAE04EC0-301F-11D3-BF4B-00C04F79EFBC}") = "13.Merge sort", "13.Merge sort\13.Merge sort.csproj", "{02EEAE9C-2899-4E9F-BD7D-3D94277CDADB}"
EndProject
Project("{FAE04EC0-301F-11D3-BF4B-00C04F79EFBC}") = "14.Quick sort", "14.Quick sort\14.Quick sort.csproj", "{5ABE087C-9622-402F-AC8C-1F6F4467D68D}"
EndProject
Project("{FAE04EC0-301F-11D3-BF4B-00C04F79EFBC}") = "15.Prime numbers", "15.Prime numbers\15.Prime numbers.csproj", "{2264A7BF-39F2-4A1F-80F2-E0BD773D4B68}"
EndProject
Project("{FAE04EC0-301F-11D3-BF4B-00C04F79EFBC}") = "18.Remove elements from array", "18.Remove elements from array\18.Remove elements from array.csproj", "{81A345C6-453E-4AE1-9E3D-99DB39AB6F15}"
EndProject
Project("{FAE04EC0-301F-11D3-BF4B-00C04F79EFBC}") = "16.Subset with sum S", "16.Subset with sum S\16.Subset with sum S.csproj", "{1BB51696-9771-4A6E-A044-E8A386A58C60}"
EndProject
Project("{FAE04EC0-301F-11D3-BF4B-00C04F79EFBC}") = "17.Subset K with sum S", "17.Subset K with sum S\17.Subset K with sum S.csproj", "{3F1D69F1-4982-453C-B531-16E78191FEC5}"
EndProject
Project("{FAE04EC0-301F-11D3-BF4B-00C04F79EFBC}") = "19.Permutations of set", "19.Permutations of set\19.Permutations of set.csproj", "{C0CD2F32-D798-4111-AE63-4CAFF5CED1AB}"
EndProject
Global
	GlobalSection(SolutionConfigurationPlatforms) = preSolution
		Debug|Any CPU = Debug|Any CPU
		Release|Any CPU = Release|Any CPU
	EndGlobalSection
	GlobalSection(ProjectConfigurationPlatforms) = postSolution
		{76A32A4B-2568-4FFC-B28E-724D7365CE71}.Debug|Any CPU.ActiveCfg = Debug|Any CPU
		{76A32A4B-2568-4FFC-B28E-724D7365CE71}.Debug|Any CPU.Build.0 = Debug|Any CPU
		{76A32A4B-2568-4FFC-B28E-724D7365CE71}.Release|Any CPU.ActiveCfg = Release|Any CPU
		{76A32A4B-2568-4FFC-B28E-724D7365CE71}.Release|Any CPU.Build.0 = Release|Any CPU
		{67893378-7E48-40F3-962D-A82F1BD278CD}.Debug|Any CPU.ActiveCfg = Debug|Any CPU
		{67893378-7E48-40F3-962D-A82F1BD278CD}.Debug|Any CPU.Build.0 = Debug|Any CPU
		{67893378-7E48-40F3-962D-A82F1BD278CD}.Release|Any CPU.ActiveCfg = Release|Any CPU
		{67893378-7E48-40F3-962D-A82F1BD278CD}.Release|Any CPU.Build.0 = Release|Any CPU
		{71A28C01-3F28-4B7E-B0CB-75777A936AEE}.Debug|Any CPU.ActiveCfg = Debug|Any CPU
		{71A28C01-3F28-4B7E-B0CB-75777A936AEE}.Debug|Any CPU.Build.0 = Debug|Any CPU
		{71A28C01-3F28-4B7E-B0CB-75777A936AEE}.Release|Any CPU.ActiveCfg = Release|Any CPU
		{71A28C01-3F28-4B7E-B0CB-75777A936AEE}.Release|Any CPU.Build.0 = Release|Any CPU
		{DC5AE648-9AF4-43E5-B705-A52834DB60E5}.Debug|Any CPU.ActiveCfg = Debug|Any CPU
		{DC5AE648-9AF4-43E5-B705-A52834DB60E5}.Debug|Any CPU.Build.0 = Debug|Any CPU
		{DC5AE648-9AF4-43E5-B705-A52834DB60E5}.Release|Any CPU.ActiveCfg = Release|Any CPU
		{DC5AE648-9AF4-43E5-B705-A52834DB60E5}.Release|Any CPU.Build.0 = Release|Any CPU
		{957CF0C1-2F91-409C-8974-6F715A389552}.Debug|Any CPU.ActiveCfg = Debug|Any CPU
		{957CF0C1-2F91-409C-8974-6F715A389552}.Debug|Any CPU.Build.0 = Debug|Any CPU
		{957CF0C1-2F91-409C-8974-6F715A389552}.Release|Any CPU.ActiveCfg = Release|Any CPU
		{957CF0C1-2F91-409C-8974-6F715A389552}.Release|Any CPU.Build.0 = Release|Any CPU
		{F286F541-6D49-4254-B181-74432B534EE4}.Debug|Any CPU.ActiveCfg = Debug|Any CPU
		{F286F541-6D49-4254-B181-74432B534EE4}.Debug|Any CPU.Build.0 = Debug|Any CPU
		{F286F541-6D49-4254-B181-74432B534EE4}.Release|Any CPU.ActiveCfg = Release|Any CPU
		{F286F541-6D49-4254-B181-74432B534EE4}.Release|Any CPU.Build.0 = Release|Any CPU
		{9B7D23F3-CB2B-4502-809E-3F47A8A5A0E7}.Debug|Any CPU.ActiveCfg = Debug|Any CPU
		{9B7D23F3-CB2B-4502-809E-3F47A8A5A0E7}.Debug|Any CPU.Build.0 = Debug|Any CPU
		{9B7D23F3-CB2B-4502-809E-3F47A8A5A0E7}.Release|Any CPU.ActiveCfg = Release|Any CPU
		{9B7D23F3-CB2B-4502-809E-3F47A8A5A0E7}.Release|Any CPU.Build.0 = Release|Any CPU
		{F003BB96-C197-4611-8FB6-E7EF9EF8EBC2}.Debug|Any CPU.ActiveCfg = Debug|Any CPU
		{F003BB96-C197-4611-8FB6-E7EF9EF8EBC2}.Debug|Any CPU.Build.0 = Debug|Any CPU
		{F003BB96-C197-4611-8FB6-E7EF9EF8EBC2}.Release|Any CPU.ActiveCfg = Release|Any CPU
		{F003BB96-C197-4611-8FB6-E7EF9EF8EBC2}.Release|Any CPU.Build.0 = Release|Any CPU
		{7CBF01BE-CAA1-4F34-8E5D-909CE82331CF}.Debug|Any CPU.ActiveCfg = Debug|Any CPU
		{7CBF01BE-CAA1-4F34-8E5D-909CE82331CF}.Debug|Any CPU.Build.0 = Debug|Any CPU
		{7CBF01BE-CAA1-4F34-8E5D-909CE82331CF}.Release|Any CPU.ActiveCfg = Release|Any CPU
		{7CBF01BE-CAA1-4F34-8E5D-909CE82331CF}.Release|Any CPU.Build.0 = Release|Any CPU
		{D7B141E2-5DBB-43C1-A6A6-C9111337C192}.Debug|Any CPU.ActiveCfg = Debug|Any CPU
		{D7B141E2-5DBB-43C1-A6A6-C9111337C192}.Debug|Any CPU.Build.0 = Debug|Any CPU
		{D7B141E2-5DBB-43C1-A6A6-C9111337C192}.Release|Any CPU.ActiveCfg = Release|Any CPU
		{D7B141E2-5DBB-43C1-A6A6-C9111337C192}.Release|Any CPU.Build.0 = Release|Any CPU
		{DE343716-1A0C-48D6-8D4C-D52D75EC81F8}.Debug|Any CPU.ActiveCfg = Debug|Any CPU
		{DE343716-1A0C-48D6-8D4C-D52D75EC81F8}.Debug|Any CPU.Build.0 = Debug|Any CPU
		{DE343716-1A0C-48D6-8D4C-D52D75EC81F8}.Release|Any CPU.ActiveCfg = Release|Any CPU
		{DE343716-1A0C-48D6-8D4C-D52D75EC81F8}.Release|Any CPU.Build.0 = Release|Any CPU
		{AAF11688-A0B0-41EA-9587-311A542A4CB7}.Debug|Any CPU.ActiveCfg = Debug|Any CPU
		{AAF11688-A0B0-41EA-9587-311A542A4CB7}.Debug|Any CPU.Build.0 = Debug|Any CPU
		{AAF11688-A0B0-41EA-9587-311A542A4CB7}.Release|Any CPU.ActiveCfg = Release|Any CPU
		{AAF11688-A0B0-41EA-9587-311A542A4CB7}.Release|Any CPU.Build.0 = Release|Any CPU
		{02EEAE9C-2899-4E9F-BD7D-3D94277CDADB}.Debug|Any CPU.ActiveCfg = Debug|Any CPU
		{02EEAE9C-2899-4E9F-BD7D-3D94277CDADB}.Debug|Any CPU.Build.0 = Debug|Any CPU
		{02EEAE9C-2899-4E9F-BD7D-3D94277CDADB}.Release|Any CPU.ActiveCfg = Release|Any CPU
		{02EEAE9C-2899-4E9F-BD7D-3D94277CDADB}.Release|Any CPU.Build.0 = Release|Any CPU
		{5ABE087C-9622-402F-AC8C-1F6F4467D68D}.Debug|Any CPU.ActiveCfg = Debug|Any CPU
		{5ABE087C-9622-402F-AC8C-1F6F4467D68D}.Debug|Any CPU.Build.0 = Debug|Any CPU
		{5ABE087C-9622-402F-AC8C-1F6F4467D68D}.Release|Any CPU.ActiveCfg = Release|Any CPU
		{5ABE087C-9622-402F-AC8C-1F6F4467D68D}.Release|Any CPU.Build.0 = Release|Any CPU
		{2264A7BF-39F2-4A1F-80F2-E0BD773D4B68}.Debug|Any CPU.ActiveCfg = Debug|Any CPU
		{2264A7BF-39F2-4A1F-80F2-E0BD773D4B68}.Debug|Any CPU.Build.0 = Debug|Any CPU
		{2264A7BF-39F2-4A1F-80F2-E0BD773D4B68}.Release|Any CPU.ActiveCfg = Release|Any CPU
		{2264A7BF-39F2-4A1F-80F2-E0BD773D4B68}.Release|Any CPU.Build.0 = Release|Any CPU
		{81A345C6-453E-4AE1-9E3D-99DB39AB6F15}.Debug|Any CPU.ActiveCfg = Debug|Any CPU
		{81A345C6-453E-4AE1-9E3D-99DB39AB6F15}.Debug|Any CPU.Build.0 = Debug|Any CPU
		{81A345C6-453E-4AE1-9E3D-99DB39AB6F15}.Release|Any CPU.ActiveCfg = Release|Any CPU
		{81A345C6-453E-4AE1-9E3D-99DB39AB6F15}.Release|Any CPU.Build.0 = Release|Any CPU
		{1BB51696-9771-4A6E-A044-E8A386A58C60}.Debug|Any CPU.ActiveCfg = Debug|Any CPU
		{1BB51696-9771-4A6E-A044-E8A386A58C60}.Debug|Any CPU.Build.0 = Debug|Any CPU
		{1BB51696-9771-4A6E-A044-E8A386A58C60}.Release|Any CPU.ActiveCfg = Release|Any CPU
		{1BB51696-9771-4A6E-A044-E8A386A58C60}.Release|Any CPU.Build.0 = Release|Any CPU
		{3F1D69F1-4982-453C-B531-16E78191FEC5}.Debug|Any CPU.ActiveCfg = Debug|Any CPU
		{3F1D69F1-4982-453C-B531-16E78191FEC5}.Debug|Any CPU.Build.0 = Debug|Any CPU
		{3F1D69F1-4982-453C-B531-16E78191FEC5}.Release|Any CPU.ActiveCfg = Release|Any CPU
		{3F1D69F1-4982-453C-B531-16E78191FEC5}.Release|Any CPU.Build.0 = Release|Any CPU
		{C0CD2F32-D798-4111-AE63-4CAFF5CED1AB}.Debug|Any CPU.ActiveCfg = Debug|Any CPU
		{C0CD2F32-D798-4111-AE63-4CAFF5CED1AB}.Debug|Any CPU.Build.0 = Debug|Any CPU
		{C0CD2F32-D798-4111-AE63-4CAFF5CED1AB}.Release|Any CPU.ActiveCfg = Release|Any CPU
		{C0CD2F32-D798-4111-AE63-4CAFF5CED1AB}.Release|Any CPU.Build.0 = Release|Any CPU
	EndGlobalSection
	GlobalSection(SolutionProperties) = preSolution
		HideSolutionNode = FALSE
	EndGlobalSection
EndGlobal
