
Microsoft Visual Studio Solution File, Format Version 12.00
# Visual Studio 14
VisualStudioVersion = 14.0.25123.0
MinimumVisualStudioVersion = 10.0.40219.1
Project("{FAE04EC0-301F-11D3-BF4B-00C04F79EFBC}") = "08.Sum integers", "08.Sum integers\08.Sum integers.csproj", "{A0905DC0-891C-4C5B-95A6-0E6F39326F38}"
EndProject
Project("{FAE04EC0-301F-11D3-BF4B-00C04F79EFBC}") = "06.Triangle surface", "07.Triangle surface by two sides and an angle\06.Triangle surface.csproj", "{4F10B48D-761E-496D-802C-A3BB653C62E8}"
EndProject
Project("{FAE04EC0-301F-11D3-BF4B-00C04F79EFBC}") = "05.Triangle surface by three sides", "05.Triangle surface by three sides\05.Triangle surface by three sides.csproj", "{28B468A8-7E60-45D2-9100-3E0C58ED0BF9}"
EndProject
Project("{FAE04EC0-301F-11D3-BF4B-00C04F79EFBC}") = "04.Triangle surface by side and altitude", "04.Triangle surface by side and altitude\04.Triangle surface by side and altitude.csproj", "{1C8FA128-E555-4ACC-AFBD-4231E4406036}"
EndProject
Project("{FAE04EC0-301F-11D3-BF4B-00C04F79EFBC}") = "01.Leap year", "01.Leap year\01.Leap year.csproj", "{A3A794BC-2144-4D57-A50D-30D1691B837C}"
EndProject
Global
	GlobalSection(SolutionConfigurationPlatforms) = preSolution
		Debug|Any CPU = Debug|Any CPU
		Release|Any CPU = Release|Any CPU
	EndGlobalSection
	GlobalSection(ProjectConfigurationPlatforms) = postSolution
		{A0905DC0-891C-4C5B-95A6-0E6F39326F38}.Debug|Any CPU.ActiveCfg = Debug|Any CPU
		{A0905DC0-891C-4C5B-95A6-0E6F39326F38}.Debug|Any CPU.Build.0 = Debug|Any CPU
		{A0905DC0-891C-4C5B-95A6-0E6F39326F38}.Release|Any CPU.ActiveCfg = Release|Any CPU
		{A0905DC0-891C-4C5B-95A6-0E6F39326F38}.Release|Any CPU.Build.0 = Release|Any CPU
		{4F10B48D-761E-496D-802C-A3BB653C62E8}.Debug|Any CPU.ActiveCfg = Debug|Any CPU
		{4F10B48D-761E-496D-802C-A3BB653C62E8}.Debug|Any CPU.Build.0 = Debug|Any CPU
		{4F10B48D-761E-496D-802C-A3BB653C62E8}.Release|Any CPU.ActiveCfg = Release|Any CPU
		{4F10B48D-761E-496D-802C-A3BB653C62E8}.Release|Any CPU.Build.0 = Release|Any CPU
		{28B468A8-7E60-45D2-9100-3E0C58ED0BF9}.Debug|Any CPU.ActiveCfg = Debug|Any CPU
		{28B468A8-7E60-45D2-9100-3E0C58ED0BF9}.Debug|Any CPU.Build.0 = Debug|Any CPU
		{28B468A8-7E60-45D2-9100-3E0C58ED0BF9}.Release|Any CPU.ActiveCfg = Release|Any CPU
		{28B468A8-7E60-45D2-9100-3E0C58ED0BF9}.Release|Any CPU.Build.0 = Release|Any CPU
		{1C8FA128-E555-4ACC-AFBD-4231E4406036}.Debug|Any CPU.ActiveCfg = Debug|Any CPU
		{1C8FA128-E555-4ACC-AFBD-4231E4406036}.Debug|Any CPU.Build.0 = Debug|Any CPU
		{1C8FA128-E555-4ACC-AFBD-4231E4406036}.Release|Any CPU.ActiveCfg = Release|Any CPU
		{1C8FA128-E555-4ACC-AFBD-4231E4406036}.Release|Any CPU.Build.0 = Release|Any CPU
		{A3A794BC-2144-4D57-A50D-30D1691B837C}.Debug|Any CPU.ActiveCfg = Debug|Any CPU
		{A3A794BC-2144-4D57-A50D-30D1691B837C}.Debug|Any CPU.Build.0 = Debug|Any CPU
		{A3A794BC-2144-4D57-A50D-30D1691B837C}.Release|Any CPU.ActiveCfg = Release|Any CPU
		{A3A794BC-2144-4D57-A50D-30D1691B837C}.Release|Any CPU.Build.0 = Release|Any CPU
	EndGlobalSection
	GlobalSection(SolutionProperties) = preSolution
		HideSolutionNode = FALSE
	EndGlobalSection
EndGlobal
