
Microsoft Visual Studio Solution File, Format Version 12.00
# Visual Studio 14
VisualStudioVersion = 14.0.23107.0
MinimumVisualStudioVersion = 10.0.40219.1
Project("{FAE04EC0-301F-11D3-BF4B-00C04F79EFBC}") = "01ExchangeIfGreater", "01.ExchangeIfIsGreather\01ExchangeIfGreater.csproj", "{9E7D4717-57E7-481D-981D-9921FFD77C22}"
EndProject
Project("{FAE04EC0-301F-11D3-BF4B-00C04F79EFBC}") = "02.BonusScore", "02.BonosScore\02.BonusScore.csproj", "{36992F08-AB41-4A7B-83C8-C4152922EF53}"
EndProject
Project("{FAE04EC0-301F-11D3-BF4B-00C04F79EFBC}") = "03.CheckForAPlayC", "03.CheckForAPlayC\03.CheckForAPlayC.csproj", "{39751AB8-2C81-4EA0-9CE8-8B781BDA9365}"
EndProject
Project("{FAE04EC0-301F-11D3-BF4B-00C04F79EFBC}") = "04.MultiplicationSign", "04.gg\04.MultiplicationSign.csproj", "{9D0AEF7B-10E4-4567-B9DB-83574BCA4A46}"
EndProject
Project("{FAE04EC0-301F-11D3-BF4B-00C04F79EFBC}") = "05.TheBiggestOfThreeNum", "05.TheBiggestOfThreeNum\05.TheBiggestOfThreeNum.csproj", "{D1AD58AE-C292-4E30-9ACA-9C007A9D6EFB}"
EndProject
Project("{FAE04EC0-301F-11D3-BF4B-00C04F79EFBC}") = "06.TheBiggestOfFiveNum", "06.TheBiggestOfFiveNum\06.TheBiggestOfFiveNum.csproj", "{7B2E9B4E-7D81-4A85-9E7B-0F3AAFAE33A1}"
EndProject
Project("{FAE04EC0-301F-11D3-BF4B-00C04F79EFBC}") = "07.NumbersWithNestedIfs", "07.NumbersWithNestedIfs\07.NumbersWithNestedIfs.csproj", "{E95CA792-7AB0-4A6E-BFF3-256652D4FF19}"
EndProject
Project("{FAE04EC0-301F-11D3-BF4B-00C04F79EFBC}") = "08.DigitAsWord", "08.DigitAsWord\08.DigitAsWord.csproj", "{7B40652A-B225-447E-A6D8-FCA8E1070298}"
EndProject
Project("{FAE04EC0-301F-11D3-BF4B-00C04F79EFBC}") = "09.IntDoubleString", "09.IntDoubleString\09.IntDoubleString.csproj", "{51F86471-BF64-46B2-82DA-5F87D069D6DD}"
EndProject
Project("{FAE04EC0-301F-11D3-BF4B-00C04F79EFBC}") = "10.BeerTime", "10.BeerTime\10.BeerTime.csproj", "{62151504-1061-446E-9041-26A08AEBB055}"
EndProject
Project("{FAE04EC0-301F-11D3-BF4B-00C04F79EFBC}") = "11.NumberAsWord", "11.NumberAsWord\11.NumberAsWord.csproj", "{43310F56-29DE-4893-8C70-8838A156DEDD}"
EndProject
Global
	GlobalSection(SolutionConfigurationPlatforms) = preSolution
		Debug|Any CPU = Debug|Any CPU
		Release|Any CPU = Release|Any CPU
	EndGlobalSection
	GlobalSection(ProjectConfigurationPlatforms) = postSolution
		{9E7D4717-57E7-481D-981D-9921FFD77C22}.Debug|Any CPU.ActiveCfg = Debug|Any CPU
		{9E7D4717-57E7-481D-981D-9921FFD77C22}.Debug|Any CPU.Build.0 = Debug|Any CPU
		{9E7D4717-57E7-481D-981D-9921FFD77C22}.Release|Any CPU.ActiveCfg = Release|Any CPU
		{9E7D4717-57E7-481D-981D-9921FFD77C22}.Release|Any CPU.Build.0 = Release|Any CPU
		{36992F08-AB41-4A7B-83C8-C4152922EF53}.Debug|Any CPU.ActiveCfg = Debug|Any CPU
		{36992F08-AB41-4A7B-83C8-C4152922EF53}.Debug|Any CPU.Build.0 = Debug|Any CPU
		{36992F08-AB41-4A7B-83C8-C4152922EF53}.Release|Any CPU.ActiveCfg = Release|Any CPU
		{36992F08-AB41-4A7B-83C8-C4152922EF53}.Release|Any CPU.Build.0 = Release|Any CPU
		{39751AB8-2C81-4EA0-9CE8-8B781BDA9365}.Debug|Any CPU.ActiveCfg = Debug|Any CPU
		{39751AB8-2C81-4EA0-9CE8-8B781BDA9365}.Debug|Any CPU.Build.0 = Debug|Any CPU
		{39751AB8-2C81-4EA0-9CE8-8B781BDA9365}.Release|Any CPU.ActiveCfg = Release|Any CPU
		{39751AB8-2C81-4EA0-9CE8-8B781BDA9365}.Release|Any CPU.Build.0 = Release|Any CPU
		{9D0AEF7B-10E4-4567-B9DB-83574BCA4A46}.Debug|Any CPU.ActiveCfg = Debug|Any CPU
		{9D0AEF7B-10E4-4567-B9DB-83574BCA4A46}.Debug|Any CPU.Build.0 = Debug|Any CPU
		{9D0AEF7B-10E4-4567-B9DB-83574BCA4A46}.Release|Any CPU.ActiveCfg = Release|Any CPU
		{9D0AEF7B-10E4-4567-B9DB-83574BCA4A46}.Release|Any CPU.Build.0 = Release|Any CPU
		{D1AD58AE-C292-4E30-9ACA-9C007A9D6EFB}.Debug|Any CPU.ActiveCfg = Debug|Any CPU
		{D1AD58AE-C292-4E30-9ACA-9C007A9D6EFB}.Debug|Any CPU.Build.0 = Debug|Any CPU
		{D1AD58AE-C292-4E30-9ACA-9C007A9D6EFB}.Release|Any CPU.ActiveCfg = Release|Any CPU
		{D1AD58AE-C292-4E30-9ACA-9C007A9D6EFB}.Release|Any CPU.Build.0 = Release|Any CPU
		{7B2E9B4E-7D81-4A85-9E7B-0F3AAFAE33A1}.Debug|Any CPU.ActiveCfg = Debug|Any CPU
		{7B2E9B4E-7D81-4A85-9E7B-0F3AAFAE33A1}.Debug|Any CPU.Build.0 = Debug|Any CPU
		{7B2E9B4E-7D81-4A85-9E7B-0F3AAFAE33A1}.Release|Any CPU.ActiveCfg = Release|Any CPU
		{7B2E9B4E-7D81-4A85-9E7B-0F3AAFAE33A1}.Release|Any CPU.Build.0 = Release|Any CPU
		{E95CA792-7AB0-4A6E-BFF3-256652D4FF19}.Debug|Any CPU.ActiveCfg = Debug|Any CPU
		{E95CA792-7AB0-4A6E-BFF3-256652D4FF19}.Debug|Any CPU.Build.0 = Debug|Any CPU
		{E95CA792-7AB0-4A6E-BFF3-256652D4FF19}.Release|Any CPU.ActiveCfg = Release|Any CPU
		{E95CA792-7AB0-4A6E-BFF3-256652D4FF19}.Release|Any CPU.Build.0 = Release|Any CPU
		{7B40652A-B225-447E-A6D8-FCA8E1070298}.Debug|Any CPU.ActiveCfg = Debug|Any CPU
		{7B40652A-B225-447E-A6D8-FCA8E1070298}.Debug|Any CPU.Build.0 = Debug|Any CPU
		{7B40652A-B225-447E-A6D8-FCA8E1070298}.Release|Any CPU.ActiveCfg = Release|Any CPU
		{7B40652A-B225-447E-A6D8-FCA8E1070298}.Release|Any CPU.Build.0 = Release|Any CPU
		{51F86471-BF64-46B2-82DA-5F87D069D6DD}.Debug|Any CPU.ActiveCfg = Debug|Any CPU
		{51F86471-BF64-46B2-82DA-5F87D069D6DD}.Debug|Any CPU.Build.0 = Debug|Any CPU
		{51F86471-BF64-46B2-82DA-5F87D069D6DD}.Release|Any CPU.ActiveCfg = Release|Any CPU
		{51F86471-BF64-46B2-82DA-5F87D069D6DD}.Release|Any CPU.Build.0 = Release|Any CPU
		{62151504-1061-446E-9041-26A08AEBB055}.Debug|Any CPU.ActiveCfg = Debug|Any CPU
		{62151504-1061-446E-9041-26A08AEBB055}.Debug|Any CPU.Build.0 = Debug|Any CPU
		{62151504-1061-446E-9041-26A08AEBB055}.Release|Any CPU.ActiveCfg = Release|Any CPU
		{62151504-1061-446E-9041-26A08AEBB055}.Release|Any CPU.Build.0 = Release|Any CPU
		{43310F56-29DE-4893-8C70-8838A156DEDD}.Debug|Any CPU.ActiveCfg = Debug|Any CPU
		{43310F56-29DE-4893-8C70-8838A156DEDD}.Debug|Any CPU.Build.0 = Debug|Any CPU
		{43310F56-29DE-4893-8C70-8838A156DEDD}.Release|Any CPU.ActiveCfg = Release|Any CPU
		{43310F56-29DE-4893-8C70-8838A156DEDD}.Release|Any CPU.Build.0 = Release|Any CPU
	EndGlobalSection
	GlobalSection(SolutionProperties) = preSolution
		HideSolutionNode = FALSE
	EndGlobalSection
EndGlobal
