
Microsoft Visual Studio Solution File, Format Version 12.00
# Visual Studio 14
VisualStudioVersion = 14.0.25123.0
MinimumVisualStudioVersion = 10.0.40219.1
Project("{FAE04EC0-301F-11D3-BF4B-00C04F79EFBC}") = "01. School classes", "01. School classes\01. School classes.csproj", "{A92CC089-8DBF-42F0-9231-7E08245DC412}"
EndProject
Project("{FAE04EC0-301F-11D3-BF4B-00C04F79EFBC}") = "02. Students and workers", "02. Students and workers\02. Students and workers.csproj", "{187BE400-B11F-4969-9143-AA50EF1C40A3}"
EndProject
Project("{FAE04EC0-301F-11D3-BF4B-00C04F79EFBC}") = "3. Animal hierarchy", "3. Animal hierarchy\3. Animal hierarchy.csproj", "{DDDBA515-0219-4FB1-8174-E758D9B6AB45}"
EndProject
Global
	GlobalSection(SolutionConfigurationPlatforms) = preSolution
		Debug|Any CPU = Debug|Any CPU
		Release|Any CPU = Release|Any CPU
	EndGlobalSection
	GlobalSection(ProjectConfigurationPlatforms) = postSolution
		{A92CC089-8DBF-42F0-9231-7E08245DC412}.Debug|Any CPU.ActiveCfg = Debug|Any CPU
		{A92CC089-8DBF-42F0-9231-7E08245DC412}.Debug|Any CPU.Build.0 = Debug|Any CPU
		{A92CC089-8DBF-42F0-9231-7E08245DC412}.Release|Any CPU.ActiveCfg = Release|Any CPU
		{A92CC089-8DBF-42F0-9231-7E08245DC412}.Release|Any CPU.Build.0 = Release|Any CPU
		{187BE400-B11F-4969-9143-AA50EF1C40A3}.Debug|Any CPU.ActiveCfg = Debug|Any CPU
		{187BE400-B11F-4969-9143-AA50EF1C40A3}.Debug|Any CPU.Build.0 = Debug|Any CPU
		{187BE400-B11F-4969-9143-AA50EF1C40A3}.Release|Any CPU.ActiveCfg = Release|Any CPU
		{187BE400-B11F-4969-9143-AA50EF1C40A3}.Release|Any CPU.Build.0 = Release|Any CPU
		{DDDBA515-0219-4FB1-8174-E758D9B6AB45}.Debug|Any CPU.ActiveCfg = Debug|Any CPU
		{DDDBA515-0219-4FB1-8174-E758D9B6AB45}.Debug|Any CPU.Build.0 = Debug|Any CPU
		{DDDBA515-0219-4FB1-8174-E758D9B6AB45}.Release|Any CPU.ActiveCfg = Release|Any CPU
		{DDDBA515-0219-4FB1-8174-E758D9B6AB45}.Release|Any CPU.Build.0 = Release|Any CPU
	EndGlobalSection
	GlobalSection(SolutionProperties) = preSolution
		HideSolutionNode = FALSE
	EndGlobalSection
EndGlobal
