
Microsoft Visual Studio Solution File, Format Version 12.00
# Visual Studio 14
VisualStudioVersion = 14.0.25123.0
MinimumVisualStudioVersion = 10.0.40219.1
Project("{FAE04EC0-301F-11D3-BF4B-00C04F79EFBC}") = "01.Fill the matrix", "01.Fill the matrix\01.Fill the matrix.csproj", "{107B493F-16DA-4F23-BE06-EA3882494096}"
EndProject
Project("{FAE04EC0-301F-11D3-BF4B-00C04F79EFBC}") = "02.Maximal sum", "02.Maximal sum\02.Maximal sum.csproj", "{4FE0738B-D6D5-46FC-B9C8-EB3B6D73AB3A}"
EndProject
Project("{FAE04EC0-301F-11D3-BF4B-00C04F79EFBC}") = "03.Sequence in matrix", "03.Sequence in matrix\03.Sequence in matrix.csproj", "{3BA377CB-053A-4B37-8E3E-4FCFB3D98888}"
EndProject
Project("{FAE04EC0-301F-11D3-BF4B-00C04F79EFBC}") = "07.Largest area in matrix", "07.Largest area in matrix\07.Largest area in matrix.csproj", "{CF1F3AAB-9549-4015-915C-D814E3E9FC98}"
EndProject
Global
	GlobalSection(SolutionConfigurationPlatforms) = preSolution
		Debug|Any CPU = Debug|Any CPU
		Release|Any CPU = Release|Any CPU
	EndGlobalSection
	GlobalSection(ProjectConfigurationPlatforms) = postSolution
		{107B493F-16DA-4F23-BE06-EA3882494096}.Debug|Any CPU.ActiveCfg = Debug|Any CPU
		{107B493F-16DA-4F23-BE06-EA3882494096}.Debug|Any CPU.Build.0 = Debug|Any CPU
		{107B493F-16DA-4F23-BE06-EA3882494096}.Release|Any CPU.ActiveCfg = Release|Any CPU
		{107B493F-16DA-4F23-BE06-EA3882494096}.Release|Any CPU.Build.0 = Release|Any CPU
		{4FE0738B-D6D5-46FC-B9C8-EB3B6D73AB3A}.Debug|Any CPU.ActiveCfg = Debug|Any CPU
		{4FE0738B-D6D5-46FC-B9C8-EB3B6D73AB3A}.Debug|Any CPU.Build.0 = Debug|Any CPU
		{4FE0738B-D6D5-46FC-B9C8-EB3B6D73AB3A}.Release|Any CPU.ActiveCfg = Release|Any CPU
		{4FE0738B-D6D5-46FC-B9C8-EB3B6D73AB3A}.Release|Any CPU.Build.0 = Release|Any CPU
		{3BA377CB-053A-4B37-8E3E-4FCFB3D98888}.Debug|Any CPU.ActiveCfg = Debug|Any CPU
		{3BA377CB-053A-4B37-8E3E-4FCFB3D98888}.Debug|Any CPU.Build.0 = Debug|Any CPU
		{3BA377CB-053A-4B37-8E3E-4FCFB3D98888}.Release|Any CPU.ActiveCfg = Release|Any CPU
		{3BA377CB-053A-4B37-8E3E-4FCFB3D98888}.Release|Any CPU.Build.0 = Release|Any CPU
		{CF1F3AAB-9549-4015-915C-D814E3E9FC98}.Debug|Any CPU.ActiveCfg = Debug|Any CPU
		{CF1F3AAB-9549-4015-915C-D814E3E9FC98}.Debug|Any CPU.Build.0 = Debug|Any CPU
		{CF1F3AAB-9549-4015-915C-D814E3E9FC98}.Release|Any CPU.ActiveCfg = Release|Any CPU
		{CF1F3AAB-9549-4015-915C-D814E3E9FC98}.Release|Any CPU.Build.0 = Release|Any CPU
	EndGlobalSection
	GlobalSection(SolutionProperties) = preSolution
		HideSolutionNode = FALSE
	EndGlobalSection
EndGlobal
