
Microsoft Visual Studio Solution File, Format Version 12.00
# Visual Studio 14
VisualStudioVersion = 14.0.25123.0
MinimumVisualStudioVersion = 10.0.40219.1
Project("{FAE04EC0-301F-11D3-BF4B-00C04F79EFBC}") = "Santase.Logic", "Santase\Santase.Logic.csproj", "{879FDAEB-0B35-4FBD-B861-E0C523E70DB5}"
EndProject
Project("{FAE04EC0-301F-11D3-BF4B-00C04F79EFBC}") = "Deck.Tests", "Deck.Tests\Deck.Tests.csproj", "{49080394-1DC6-417C-AE7F-3FCCF3EB710F}"
EndProject
Global
	GlobalSection(SolutionConfigurationPlatforms) = preSolution
		Debug|Any CPU = Debug|Any CPU
		Release|Any CPU = Release|Any CPU
	EndGlobalSection
	GlobalSection(ProjectConfigurationPlatforms) = postSolution
		{879FDAEB-0B35-4FBD-B861-E0C523E70DB5}.Debug|Any CPU.ActiveCfg = Debug|Any CPU
		{879FDAEB-0B35-4FBD-B861-E0C523E70DB5}.Debug|Any CPU.Build.0 = Debug|Any CPU
		{879FDAEB-0B35-4FBD-B861-E0C523E70DB5}.Release|Any CPU.ActiveCfg = Release|Any CPU
		{879FDAEB-0B35-4FBD-B861-E0C523E70DB5}.Release|Any CPU.Build.0 = Release|Any CPU
		{49080394-1DC6-417C-AE7F-3FCCF3EB710F}.Debug|Any CPU.ActiveCfg = Debug|Any CPU
		{49080394-1DC6-417C-AE7F-3FCCF3EB710F}.Debug|Any CPU.Build.0 = Debug|Any CPU
		{49080394-1DC6-417C-AE7F-3FCCF3EB710F}.Release|Any CPU.ActiveCfg = Release|Any CPU
		{49080394-1DC6-417C-AE7F-3FCCF3EB710F}.Release|Any CPU.Build.0 = Release|Any CPU
	EndGlobalSection
	GlobalSection(SolutionProperties) = preSolution
		HideSolutionNode = FALSE
	EndGlobalSection
EndGlobal
