
Microsoft Visual Studio Solution File, Format Version 12.00
# Visual Studio 14
VisualStudioVersion = 14.0.25420.1
MinimumVisualStudioVersion = 10.0.40219.1
Project("{FAE04EC0-301F-11D3-BF4B-00C04F79EFBC}") = "01. Odd or Even", "01. Odd or Even\01. Odd or Even.csproj", "{35CB7CF2-A495-420B-BABB-CA2ABCAEE065}"
EndProject
Project("{FAE04EC0-301F-11D3-BF4B-00C04F79EFBC}") = "02. Moon Gravity", "02. Moon Gravity\02. Moon Gravity.csproj", "{547B4CEF-AEE3-413C-9235-270F4CE47E01}"
EndProject
Project("{FAE04EC0-301F-11D3-BF4B-00C04F79EFBC}") = "03. Divide by 7 and 5", "03. Divide by 7 and 5\03. Divide by 7 and 5.csproj", "{246BF457-E9A1-47F8-9F70-24F43C6B2806}"
EndProject
Project("{FAE04EC0-301F-11D3-BF4B-00C04F79EFBC}") = "04. Rectangles", "04. Rectangles\04. Rectangles.csproj", "{B144F440-CFCD-4A55-9C60-D224D86D0CC0}"
EndProject
Project("{FAE04EC0-301F-11D3-BF4B-00C04F79EFBC}") = "05. Third Digit", "05. Third Digit\05. Third Digit.csproj", "{D5217D9D-3164-4F45-B442-1C18253EAFD3}"
EndProject
Project("{FAE04EC0-301F-11D3-BF4B-00C04F79EFBC}") = "06. Four-Digit Number", "06. Four-Digit Number\06. Four-Digit Number.csproj", "{5851C47A-2F90-45BF-85D9-F913BE6A1459}"
EndProject
Project("{FAE04EC0-301F-11D3-BF4B-00C04F79EFBC}") = "07. Point in a circle", "07. Point in a circle\07. Point in a circle.csproj", "{4C87B209-A307-4E26-859A-B89F23BC4A00}"
EndProject
Project("{FAE04EC0-301F-11D3-BF4B-00C04F79EFBC}") = "08. Prime Number Check", "08. Prime Number Check\08. Prime Number Check.csproj", "{1B6A4D09-5100-481F-B227-E9577F2210A2}"
EndProject
Project("{FAE04EC0-301F-11D3-BF4B-00C04F79EFBC}") = "09. Trapezoids", "09. Trapezoids\09. Trapezoids.csproj", "{A04A7289-B114-4450-8EE3-9D7883C67979}"
EndProject
Project("{FAE04EC0-301F-11D3-BF4B-00C04F79EFBC}") = "10. Point InsideCircleOutsideRectangle", "10. Point InsideCircleOutsideRectangle\10. Point InsideCircleOutsideRectangle.csproj", "{60FBECF9-5A47-4587-BB5E-623DFE386784}"
EndProject
Project("{FAE04EC0-301F-11D3-BF4B-00C04F79EFBC}") = "11. 3rd Bit", "11. 3rd Bit\11. 3rd Bit.csproj", "{DF827B8C-B4D8-48C9-81C2-811E1A6B4714}"
EndProject
Global
	GlobalSection(SolutionConfigurationPlatforms) = preSolution
		Debug|Any CPU = Debug|Any CPU
		Release|Any CPU = Release|Any CPU
	EndGlobalSection
	GlobalSection(ProjectConfigurationPlatforms) = postSolution
		{35CB7CF2-A495-420B-BABB-CA2ABCAEE065}.Debug|Any CPU.ActiveCfg = Debug|Any CPU
		{35CB7CF2-A495-420B-BABB-CA2ABCAEE065}.Debug|Any CPU.Build.0 = Debug|Any CPU
		{35CB7CF2-A495-420B-BABB-CA2ABCAEE065}.Release|Any CPU.ActiveCfg = Release|Any CPU
		{35CB7CF2-A495-420B-BABB-CA2ABCAEE065}.Release|Any CPU.Build.0 = Release|Any CPU
		{547B4CEF-AEE3-413C-9235-270F4CE47E01}.Debug|Any CPU.ActiveCfg = Debug|Any CPU
		{547B4CEF-AEE3-413C-9235-270F4CE47E01}.Debug|Any CPU.Build.0 = Debug|Any CPU
		{547B4CEF-AEE3-413C-9235-270F4CE47E01}.Release|Any CPU.ActiveCfg = Release|Any CPU
		{547B4CEF-AEE3-413C-9235-270F4CE47E01}.Release|Any CPU.Build.0 = Release|Any CPU
		{246BF457-E9A1-47F8-9F70-24F43C6B2806}.Debug|Any CPU.ActiveCfg = Debug|Any CPU
		{246BF457-E9A1-47F8-9F70-24F43C6B2806}.Debug|Any CPU.Build.0 = Debug|Any CPU
		{246BF457-E9A1-47F8-9F70-24F43C6B2806}.Release|Any CPU.ActiveCfg = Release|Any CPU
		{246BF457-E9A1-47F8-9F70-24F43C6B2806}.Release|Any CPU.Build.0 = Release|Any CPU
		{B144F440-CFCD-4A55-9C60-D224D86D0CC0}.Debug|Any CPU.ActiveCfg = Debug|Any CPU
		{B144F440-CFCD-4A55-9C60-D224D86D0CC0}.Debug|Any CPU.Build.0 = Debug|Any CPU
		{B144F440-CFCD-4A55-9C60-D224D86D0CC0}.Release|Any CPU.ActiveCfg = Release|Any CPU
		{B144F440-CFCD-4A55-9C60-D224D86D0CC0}.Release|Any CPU.Build.0 = Release|Any CPU
		{D5217D9D-3164-4F45-B442-1C18253EAFD3}.Debug|Any CPU.ActiveCfg = Debug|Any CPU
		{D5217D9D-3164-4F45-B442-1C18253EAFD3}.Debug|Any CPU.Build.0 = Debug|Any CPU
		{D5217D9D-3164-4F45-B442-1C18253EAFD3}.Release|Any CPU.ActiveCfg = Release|Any CPU
		{D5217D9D-3164-4F45-B442-1C18253EAFD3}.Release|Any CPU.Build.0 = Release|Any CPU
		{5851C47A-2F90-45BF-85D9-F913BE6A1459}.Debug|Any CPU.ActiveCfg = Debug|Any CPU
		{5851C47A-2F90-45BF-85D9-F913BE6A1459}.Debug|Any CPU.Build.0 = Debug|Any CPU
		{5851C47A-2F90-45BF-85D9-F913BE6A1459}.Release|Any CPU.ActiveCfg = Release|Any CPU
		{5851C47A-2F90-45BF-85D9-F913BE6A1459}.Release|Any CPU.Build.0 = Release|Any CPU
		{4C87B209-A307-4E26-859A-B89F23BC4A00}.Debug|Any CPU.ActiveCfg = Debug|Any CPU
		{4C87B209-A307-4E26-859A-B89F23BC4A00}.Debug|Any CPU.Build.0 = Debug|Any CPU
		{4C87B209-A307-4E26-859A-B89F23BC4A00}.Release|Any CPU.ActiveCfg = Release|Any CPU
		{4C87B209-A307-4E26-859A-B89F23BC4A00}.Release|Any CPU.Build.0 = Release|Any CPU
		{1B6A4D09-5100-481F-B227-E9577F2210A2}.Debug|Any CPU.ActiveCfg = Debug|Any CPU
		{1B6A4D09-5100-481F-B227-E9577F2210A2}.Debug|Any CPU.Build.0 = Debug|Any CPU
		{1B6A4D09-5100-481F-B227-E9577F2210A2}.Release|Any CPU.ActiveCfg = Release|Any CPU
		{1B6A4D09-5100-481F-B227-E9577F2210A2}.Release|Any CPU.Build.0 = Release|Any CPU
		{A04A7289-B114-4450-8EE3-9D7883C67979}.Debug|Any CPU.ActiveCfg = Debug|Any CPU
		{A04A7289-B114-4450-8EE3-9D7883C67979}.Debug|Any CPU.Build.0 = Debug|Any CPU
		{A04A7289-B114-4450-8EE3-9D7883C67979}.Release|Any CPU.ActiveCfg = Release|Any CPU
		{A04A7289-B114-4450-8EE3-9D7883C67979}.Release|Any CPU.Build.0 = Release|Any CPU
		{60FBECF9-5A47-4587-BB5E-623DFE386784}.Debug|Any CPU.ActiveCfg = Debug|Any CPU
		{60FBECF9-5A47-4587-BB5E-623DFE386784}.Debug|Any CPU.Build.0 = Debug|Any CPU
		{60FBECF9-5A47-4587-BB5E-623DFE386784}.Release|Any CPU.ActiveCfg = Release|Any CPU
		{60FBECF9-5A47-4587-BB5E-623DFE386784}.Release|Any CPU.Build.0 = Release|Any CPU
		{DF827B8C-B4D8-48C9-81C2-811E1A6B4714}.Debug|Any CPU.ActiveCfg = Debug|Any CPU
		{DF827B8C-B4D8-48C9-81C2-811E1A6B4714}.Debug|Any CPU.Build.0 = Debug|Any CPU
		{DF827B8C-B4D8-48C9-81C2-811E1A6B4714}.Release|Any CPU.ActiveCfg = Release|Any CPU
		{DF827B8C-B4D8-48C9-81C2-811E1A6B4714}.Release|Any CPU.Build.0 = Release|Any CPU
	EndGlobalSection
	GlobalSection(SolutionProperties) = preSolution
		HideSolutionNode = FALSE
	EndGlobalSection
EndGlobal
