
Microsoft Visual Studio Solution File, Format Version 12.00
# Visual Studio 14
VisualStudioVersion = 14.0.25123.0
MinimumVisualStudioVersion = 10.0.40219.1
Project("{FAE04EC0-301F-11D3-BF4B-00C04F79EFBC}") = "01.Strings in CS", "01.Strings in CS\01.Strings in CS.csproj", "{8A7D84E6-E5D3-4C6E-8B1D-A950306B97AA}"
EndProject
Project("{FAE04EC0-301F-11D3-BF4B-00C04F79EFBC}") = "02.Reverse string", "02.Reverse string\02.Reverse string.csproj", "{474EC7F4-2966-4B2A-973A-D6836041FC68}"
EndProject
Project("{FAE04EC0-301F-11D3-BF4B-00C04F79EFBC}") = "03.Correct brackets", "03.Correct brackets\03.Correct brackets.csproj", "{68919228-A8EC-4AF7-8A88-689BC3CBDBCB}"
EndProject
Project("{FAE04EC0-301F-11D3-BF4B-00C04F79EFBC}") = "04.Sub-string in text", "04.Sub-string in text\04.Sub-string in text.csproj", "{F5922616-6841-489B-BC24-BC5D5C5714B0}"
EndProject
Project("{FAE04EC0-301F-11D3-BF4B-00C04F79EFBC}") = "05.Parse tags", "05.Parse tags\05.Parse tags.csproj", "{3E961800-3B03-4514-85C1-91851B15F449}"
EndProject
Project("{FAE04EC0-301F-11D3-BF4B-00C04F79EFBC}") = "06.String length", "06.String length\06.String length.csproj", "{07621075-A029-4F52-9C98-6D5FE9FA3434}"
EndProject
Project("{FAE04EC0-301F-11D3-BF4B-00C04F79EFBC}") = "07.Encode decode", "07.Encode decode\07.Encode decode.csproj", "{254EEA07-AF1A-4EB2-8EAF-3A954A1CB465}"
EndProject
Project("{FAE04EC0-301F-11D3-BF4B-00C04F79EFBC}") = "10.Unicode characters", "10.Unicode characters\10.Unicode characters.csproj", "{2B3D4C7C-1EDA-40FC-9F15-553D4CFAD85B}"
EndProject
Project("{FAE04EC0-301F-11D3-BF4B-00C04F79EFBC}") = "12.Parse URL", "12.Parse URL\12.Parse URL.csproj", "{522C1ECB-0A75-47EA-ADE1-B5CE0E6A20D0}"
EndProject
Project("{FAE04EC0-301F-11D3-BF4B-00C04F79EFBC}") = "15. Replace tags", "15. Replace tags\15. Replace tags.csproj", "{3348C114-DDCB-436B-87B7-FE1120D9484A}"
EndProject
Project("{FAE04EC0-301F-11D3-BF4B-00C04F79EFBC}") = "23. Series of letters", "23. Series of letters\23. Series of letters.csproj", "{CC638F46-C41F-4549-8CDA-CF09C8DFC228}"
EndProject
Global
	GlobalSection(SolutionConfigurationPlatforms) = preSolution
		Debug|Any CPU = Debug|Any CPU
		Release|Any CPU = Release|Any CPU
	EndGlobalSection
	GlobalSection(ProjectConfigurationPlatforms) = postSolution
		{8A7D84E6-E5D3-4C6E-8B1D-A950306B97AA}.Debug|Any CPU.ActiveCfg = Debug|Any CPU
		{8A7D84E6-E5D3-4C6E-8B1D-A950306B97AA}.Debug|Any CPU.Build.0 = Debug|Any CPU
		{8A7D84E6-E5D3-4C6E-8B1D-A950306B97AA}.Release|Any CPU.ActiveCfg = Release|Any CPU
		{8A7D84E6-E5D3-4C6E-8B1D-A950306B97AA}.Release|Any CPU.Build.0 = Release|Any CPU
		{474EC7F4-2966-4B2A-973A-D6836041FC68}.Debug|Any CPU.ActiveCfg = Debug|Any CPU
		{474EC7F4-2966-4B2A-973A-D6836041FC68}.Debug|Any CPU.Build.0 = Debug|Any CPU
		{474EC7F4-2966-4B2A-973A-D6836041FC68}.Release|Any CPU.ActiveCfg = Release|Any CPU
		{474EC7F4-2966-4B2A-973A-D6836041FC68}.Release|Any CPU.Build.0 = Release|Any CPU
		{68919228-A8EC-4AF7-8A88-689BC3CBDBCB}.Debug|Any CPU.ActiveCfg = Debug|Any CPU
		{68919228-A8EC-4AF7-8A88-689BC3CBDBCB}.Debug|Any CPU.Build.0 = Debug|Any CPU
		{68919228-A8EC-4AF7-8A88-689BC3CBDBCB}.Release|Any CPU.ActiveCfg = Release|Any CPU
		{68919228-A8EC-4AF7-8A88-689BC3CBDBCB}.Release|Any CPU.Build.0 = Release|Any CPU
		{F5922616-6841-489B-BC24-BC5D5C5714B0}.Debug|Any CPU.ActiveCfg = Debug|Any CPU
		{F5922616-6841-489B-BC24-BC5D5C5714B0}.Debug|Any CPU.Build.0 = Debug|Any CPU
		{F5922616-6841-489B-BC24-BC5D5C5714B0}.Release|Any CPU.ActiveCfg = Release|Any CPU
		{F5922616-6841-489B-BC24-BC5D5C5714B0}.Release|Any CPU.Build.0 = Release|Any CPU
		{3E961800-3B03-4514-85C1-91851B15F449}.Debug|Any CPU.ActiveCfg = Debug|Any CPU
		{3E961800-3B03-4514-85C1-91851B15F449}.Debug|Any CPU.Build.0 = Debug|Any CPU
		{3E961800-3B03-4514-85C1-91851B15F449}.Release|Any CPU.ActiveCfg = Release|Any CPU
		{3E961800-3B03-4514-85C1-91851B15F449}.Release|Any CPU.Build.0 = Release|Any CPU
		{07621075-A029-4F52-9C98-6D5FE9FA3434}.Debug|Any CPU.ActiveCfg = Debug|Any CPU
		{07621075-A029-4F52-9C98-6D5FE9FA3434}.Debug|Any CPU.Build.0 = Debug|Any CPU
		{07621075-A029-4F52-9C98-6D5FE9FA3434}.Release|Any CPU.ActiveCfg = Release|Any CPU
		{07621075-A029-4F52-9C98-6D5FE9FA3434}.Release|Any CPU.Build.0 = Release|Any CPU
		{254EEA07-AF1A-4EB2-8EAF-3A954A1CB465}.Debug|Any CPU.ActiveCfg = Debug|Any CPU
		{254EEA07-AF1A-4EB2-8EAF-3A954A1CB465}.Debug|Any CPU.Build.0 = Debug|Any CPU
		{254EEA07-AF1A-4EB2-8EAF-3A954A1CB465}.Release|Any CPU.ActiveCfg = Release|Any CPU
		{254EEA07-AF1A-4EB2-8EAF-3A954A1CB465}.Release|Any CPU.Build.0 = Release|Any CPU
		{2B3D4C7C-1EDA-40FC-9F15-553D4CFAD85B}.Debug|Any CPU.ActiveCfg = Debug|Any CPU
		{2B3D4C7C-1EDA-40FC-9F15-553D4CFAD85B}.Debug|Any CPU.Build.0 = Debug|Any CPU
		{2B3D4C7C-1EDA-40FC-9F15-553D4CFAD85B}.Release|Any CPU.ActiveCfg = Release|Any CPU
		{2B3D4C7C-1EDA-40FC-9F15-553D4CFAD85B}.Release|Any CPU.Build.0 = Release|Any CPU
		{522C1ECB-0A75-47EA-ADE1-B5CE0E6A20D0}.Debug|Any CPU.ActiveCfg = Debug|Any CPU
		{522C1ECB-0A75-47EA-ADE1-B5CE0E6A20D0}.Debug|Any CPU.Build.0 = Debug|Any CPU
		{522C1ECB-0A75-47EA-ADE1-B5CE0E6A20D0}.Release|Any CPU.ActiveCfg = Release|Any CPU
		{522C1ECB-0A75-47EA-ADE1-B5CE0E6A20D0}.Release|Any CPU.Build.0 = Release|Any CPU
		{3348C114-DDCB-436B-87B7-FE1120D9484A}.Debug|Any CPU.ActiveCfg = Debug|Any CPU
		{3348C114-DDCB-436B-87B7-FE1120D9484A}.Debug|Any CPU.Build.0 = Debug|Any CPU
		{3348C114-DDCB-436B-87B7-FE1120D9484A}.Release|Any CPU.ActiveCfg = Release|Any CPU
		{3348C114-DDCB-436B-87B7-FE1120D9484A}.Release|Any CPU.Build.0 = Release|Any CPU
		{CC638F46-C41F-4549-8CDA-CF09C8DFC228}.Debug|Any CPU.ActiveCfg = Debug|Any CPU
		{CC638F46-C41F-4549-8CDA-CF09C8DFC228}.Debug|Any CPU.Build.0 = Debug|Any CPU
		{CC638F46-C41F-4549-8CDA-CF09C8DFC228}.Release|Any CPU.ActiveCfg = Release|Any CPU
		{CC638F46-C41F-4549-8CDA-CF09C8DFC228}.Release|Any CPU.Build.0 = Release|Any CPU
	EndGlobalSection
	GlobalSection(SolutionProperties) = preSolution
		HideSolutionNode = FALSE
	EndGlobalSection
EndGlobal
