
Microsoft Visual Studio Solution File, Format Version 11.00
# Visual Studio 2010
# SharpDevelop 5.1
Project("{FAE04EC0-301F-11D3-BF4B-00C04F79EFBC}") = "Problem-1-American-Pie", "Variant-1(2013-12-05)\Problem-1-American-Pie.csproj", "{E6665A3B-E322-4B46-BDEA-D76F7E9D8BE4}"
EndProject
Project("{FAE04EC0-301F-11D3-BF4B-00C04F79EFBC}") = "Problem-2-Apples or oranges", "Apples or oranges\Problem-2-Apples or oranges.csproj", "{1045E58E-0183-4718-8F05-E42877BDE467}"
EndProject
Project("{FAE04EC0-301F-11D3-BF4B-00C04F79EFBC}") = "Problem-3 – Binary Digits", "Problem-3 – Binary Digits\Problem-3 – Binary Digits.csproj", "{1FAA89EA-152E-48E5-91DF-983BA5B7F569}"
EndProject
Project("{FAE04EC0-301F-11D3-BF4B-00C04F79EFBC}") = "Problem 4 - Easter Mister", "Problem 4 - Easter Mister\Problem 4 - Easter Mister.csproj", "{569C497B-258D-4E2A-BF5F-85B28F825C6C}"
EndProject
Global
	GlobalSection(SolutionConfigurationPlatforms) = preSolution
		Debug|Any CPU = Debug|Any CPU
		Release|Any CPU = Release|Any CPU
	EndGlobalSection
	GlobalSection(ProjectConfigurationPlatforms) = postSolution
		{E6665A3B-E322-4B46-BDEA-D76F7E9D8BE4}.Debug|Any CPU.ActiveCfg = Debug|Any CPU
		{E6665A3B-E322-4B46-BDEA-D76F7E9D8BE4}.Debug|Any CPU.Build.0 = Debug|Any CPU
		{E6665A3B-E322-4B46-BDEA-D76F7E9D8BE4}.Release|Any CPU.ActiveCfg = Release|Any CPU
		{E6665A3B-E322-4B46-BDEA-D76F7E9D8BE4}.Release|Any CPU.Build.0 = Release|Any CPU
		{1045E58E-0183-4718-8F05-E42877BDE467}.Debug|Any CPU.ActiveCfg = Debug|Any CPU
		{1045E58E-0183-4718-8F05-E42877BDE467}.Debug|Any CPU.Build.0 = Debug|Any CPU
		{1045E58E-0183-4718-8F05-E42877BDE467}.Release|Any CPU.ActiveCfg = Release|Any CPU
		{1045E58E-0183-4718-8F05-E42877BDE467}.Release|Any CPU.Build.0 = Release|Any CPU
		{1FAA89EA-152E-48E5-91DF-983BA5B7F569}.Debug|Any CPU.ActiveCfg = Debug|Any CPU
		{1FAA89EA-152E-48E5-91DF-983BA5B7F569}.Debug|Any CPU.Build.0 = Debug|Any CPU
		{1FAA89EA-152E-48E5-91DF-983BA5B7F569}.Release|Any CPU.ActiveCfg = Release|Any CPU
		{1FAA89EA-152E-48E5-91DF-983BA5B7F569}.Release|Any CPU.Build.0 = Release|Any CPU
		{569C497B-258D-4E2A-BF5F-85B28F825C6C}.Debug|Any CPU.ActiveCfg = Debug|Any CPU
		{569C497B-258D-4E2A-BF5F-85B28F825C6C}.Debug|Any CPU.Build.0 = Debug|Any CPU
		{569C497B-258D-4E2A-BF5F-85B28F825C6C}.Release|Any CPU.ActiveCfg = Release|Any CPU
		{569C497B-258D-4E2A-BF5F-85B28F825C6C}.Release|Any CPU.Build.0 = Release|Any CPU
	EndGlobalSection
EndGlobal
