
Microsoft Visual Studio Solution File, Format Version 12.00
# Visual Studio 14
VisualStudioVersion = 14.0.23107.0
MinimumVisualStudioVersion = 10.0.40219.1
Project("{FAE04EC0-301F-11D3-BF4B-00C04F79EFBC}") = "01.SumOfThreeNum", "01.SumOfThreeNum\01.SumOfThreeNum.csproj", "{17B88A97-F585-48F1-B60D-FFC1A6BC2D39}"
EndProject
Project("{FAE04EC0-301F-11D3-BF4B-00C04F79EFBC}") = "02.CompanyInformation", "02.CompanyInformation\02.CompanyInformation.csproj", "{63ACDCAA-21E5-4C09-BE19-B40A2EDD4722}"
EndProject
Project("{FAE04EC0-301F-11D3-BF4B-00C04F79EFBC}") = "03.CirclePerAndArea", "03.CirclePerAndArea\03.CirclePerAndArea.csproj", "{9A8959F7-47CE-4AA4-9726-F8724595770D}"
EndProject
Project("{FAE04EC0-301F-11D3-BF4B-00C04F79EFBC}") = "04.NumberComparer", "04.NumberCopmrarer\04.NumberComparer.csproj", "{FA268CC0-8F56-456D-9725-DF509EDCBE13}"
EndProject
Project("{FAE04EC0-301F-11D3-BF4B-00C04F79EFBC}") = "05.FormattingNumbers", "05.FormattingNumbers\05.FormattingNumbers.csproj", "{058581CC-1C2C-4D3A-A4B2-F8F9DA6469D0}"
EndProject
Project("{FAE04EC0-301F-11D3-BF4B-00C04F79EFBC}") = "06.QuadraticEquation", "06.QuadraticEquation\06.QuadraticEquation.csproj", "{DC951182-F825-4905-A7F0-C22F9CED5345}"
EndProject
Project("{FAE04EC0-301F-11D3-BF4B-00C04F79EFBC}") = "07.SumOfFiveNum", "07.SumOfFiveNum\07.SumOfFiveNum.csproj", "{8167A3A4-D608-46B9-8C54-39F62301FF26}"
EndProject
Project("{FAE04EC0-301F-11D3-BF4B-00C04F79EFBC}") = "08.NumFromOneToN", "08.NumFromOneToN\08.NumFromOneToN.csproj", "{2D6A839A-660F-4B71-B6F3-A73466AC2024}"
EndProject
Project("{FAE04EC0-301F-11D3-BF4B-00C04F79EFBC}") = "09.SumOfNNumb", "09.SumOfNNumb\09.SumOfNNumb.csproj", "{E643E04F-D901-4B2F-8275-719D17A474C7}"
EndProject
Project("{FAE04EC0-301F-11D3-BF4B-00C04F79EFBC}") = "10.FibonacciNumbers", "10.Fibonacci\10.FibonacciNumbers.csproj", "{8CDA2A03-6F38-4012-AF06-012B8AEEFD21}"
EndProject
Global
	GlobalSection(SolutionConfigurationPlatforms) = preSolution
		Debug|Any CPU = Debug|Any CPU
		Release|Any CPU = Release|Any CPU
	EndGlobalSection
	GlobalSection(ProjectConfigurationPlatforms) = postSolution
		{17B88A97-F585-48F1-B60D-FFC1A6BC2D39}.Debug|Any CPU.ActiveCfg = Debug|Any CPU
		{17B88A97-F585-48F1-B60D-FFC1A6BC2D39}.Debug|Any CPU.Build.0 = Debug|Any CPU
		{17B88A97-F585-48F1-B60D-FFC1A6BC2D39}.Release|Any CPU.ActiveCfg = Release|Any CPU
		{17B88A97-F585-48F1-B60D-FFC1A6BC2D39}.Release|Any CPU.Build.0 = Release|Any CPU
		{63ACDCAA-21E5-4C09-BE19-B40A2EDD4722}.Debug|Any CPU.ActiveCfg = Debug|Any CPU
		{63ACDCAA-21E5-4C09-BE19-B40A2EDD4722}.Debug|Any CPU.Build.0 = Debug|Any CPU
		{63ACDCAA-21E5-4C09-BE19-B40A2EDD4722}.Release|Any CPU.ActiveCfg = Release|Any CPU
		{63ACDCAA-21E5-4C09-BE19-B40A2EDD4722}.Release|Any CPU.Build.0 = Release|Any CPU
		{9A8959F7-47CE-4AA4-9726-F8724595770D}.Debug|Any CPU.ActiveCfg = Debug|Any CPU
		{9A8959F7-47CE-4AA4-9726-F8724595770D}.Debug|Any CPU.Build.0 = Debug|Any CPU
		{9A8959F7-47CE-4AA4-9726-F8724595770D}.Release|Any CPU.ActiveCfg = Release|Any CPU
		{9A8959F7-47CE-4AA4-9726-F8724595770D}.Release|Any CPU.Build.0 = Release|Any CPU
		{FA268CC0-8F56-456D-9725-DF509EDCBE13}.Debug|Any CPU.ActiveCfg = Debug|Any CPU
		{FA268CC0-8F56-456D-9725-DF509EDCBE13}.Debug|Any CPU.Build.0 = Debug|Any CPU
		{FA268CC0-8F56-456D-9725-DF509EDCBE13}.Release|Any CPU.ActiveCfg = Release|Any CPU
		{FA268CC0-8F56-456D-9725-DF509EDCBE13}.Release|Any CPU.Build.0 = Release|Any CPU
		{058581CC-1C2C-4D3A-A4B2-F8F9DA6469D0}.Debug|Any CPU.ActiveCfg = Debug|Any CPU
		{058581CC-1C2C-4D3A-A4B2-F8F9DA6469D0}.Debug|Any CPU.Build.0 = Debug|Any CPU
		{058581CC-1C2C-4D3A-A4B2-F8F9DA6469D0}.Release|Any CPU.ActiveCfg = Release|Any CPU
		{058581CC-1C2C-4D3A-A4B2-F8F9DA6469D0}.Release|Any CPU.Build.0 = Release|Any CPU
		{DC951182-F825-4905-A7F0-C22F9CED5345}.Debug|Any CPU.ActiveCfg = Debug|Any CPU
		{DC951182-F825-4905-A7F0-C22F9CED5345}.Debug|Any CPU.Build.0 = Debug|Any CPU
		{DC951182-F825-4905-A7F0-C22F9CED5345}.Release|Any CPU.ActiveCfg = Release|Any CPU
		{DC951182-F825-4905-A7F0-C22F9CED5345}.Release|Any CPU.Build.0 = Release|Any CPU
		{8167A3A4-D608-46B9-8C54-39F62301FF26}.Debug|Any CPU.ActiveCfg = Debug|Any CPU
		{8167A3A4-D608-46B9-8C54-39F62301FF26}.Debug|Any CPU.Build.0 = Debug|Any CPU
		{8167A3A4-D608-46B9-8C54-39F62301FF26}.Release|Any CPU.ActiveCfg = Release|Any CPU
		{8167A3A4-D608-46B9-8C54-39F62301FF26}.Release|Any CPU.Build.0 = Release|Any CPU
		{2D6A839A-660F-4B71-B6F3-A73466AC2024}.Debug|Any CPU.ActiveCfg = Debug|Any CPU
		{2D6A839A-660F-4B71-B6F3-A73466AC2024}.Debug|Any CPU.Build.0 = Debug|Any CPU
		{2D6A839A-660F-4B71-B6F3-A73466AC2024}.Release|Any CPU.ActiveCfg = Release|Any CPU
		{2D6A839A-660F-4B71-B6F3-A73466AC2024}.Release|Any CPU.Build.0 = Release|Any CPU
		{E643E04F-D901-4B2F-8275-719D17A474C7}.Debug|Any CPU.ActiveCfg = Debug|Any CPU
		{E643E04F-D901-4B2F-8275-719D17A474C7}.Debug|Any CPU.Build.0 = Debug|Any CPU
		{E643E04F-D901-4B2F-8275-719D17A474C7}.Release|Any CPU.ActiveCfg = Release|Any CPU
		{E643E04F-D901-4B2F-8275-719D17A474C7}.Release|Any CPU.Build.0 = Release|Any CPU
		{8CDA2A03-6F38-4012-AF06-012B8AEEFD21}.Debug|Any CPU.ActiveCfg = Debug|Any CPU
		{8CDA2A03-6F38-4012-AF06-012B8AEEFD21}.Debug|Any CPU.Build.0 = Debug|Any CPU
		{8CDA2A03-6F38-4012-AF06-012B8AEEFD21}.Release|Any CPU.ActiveCfg = Release|Any CPU
		{8CDA2A03-6F38-4012-AF06-012B8AEEFD21}.Release|Any CPU.Build.0 = Release|Any CPU
	EndGlobalSection
	GlobalSection(SolutionProperties) = preSolution
		HideSolutionNode = FALSE
	EndGlobalSection
EndGlobal
