
Microsoft Visual Studio Solution File, Format Version 12.00
# Visual Studio 14
VisualStudioVersion = 14.0.25420.1
MinimumVisualStudioVersion = 10.0.40219.1
Project("{FAE04EC0-301F-11D3-BF4B-00C04F79EFBC}") = "Chef", "Chef\Chef.csproj", "{A08B7A2B-1054-4A97-B2CB-82052670779F}"
EndProject
Project("{FAE04EC0-301F-11D3-BF4B-00C04F79EFBC}") = "Reffactor", "Reffactor\Reffactor.csproj", "{68ADB8F5-E288-40D5-98DB-9F4491157FB4}"
EndProject
Project("{FAE04EC0-301F-11D3-BF4B-00C04F79EFBC}") = "Reffactor-Loop", "Reffactor-Loop\Reffactor-Loop.csproj", "{B512F8F9-7C65-4033-8B55-1FE4BC50D951}"
EndProject
Global
	GlobalSection(SolutionConfigurationPlatforms) = preSolution
		Debug|Any CPU = Debug|Any CPU
		Release|Any CPU = Release|Any CPU
	EndGlobalSection
	GlobalSection(ProjectConfigurationPlatforms) = postSolution
		{A08B7A2B-1054-4A97-B2CB-82052670779F}.Debug|Any CPU.ActiveCfg = Debug|Any CPU
		{A08B7A2B-1054-4A97-B2CB-82052670779F}.Debug|Any CPU.Build.0 = Debug|Any CPU
		{A08B7A2B-1054-4A97-B2CB-82052670779F}.Release|Any CPU.ActiveCfg = Release|Any CPU
		{A08B7A2B-1054-4A97-B2CB-82052670779F}.Release|Any CPU.Build.0 = Release|Any CPU
		{68ADB8F5-E288-40D5-98DB-9F4491157FB4}.Debug|Any CPU.ActiveCfg = Debug|Any CPU
		{68ADB8F5-E288-40D5-98DB-9F4491157FB4}.Debug|Any CPU.Build.0 = Debug|Any CPU
		{68ADB8F5-E288-40D5-98DB-9F4491157FB4}.Release|Any CPU.ActiveCfg = Release|Any CPU
		{68ADB8F5-E288-40D5-98DB-9F4491157FB4}.Release|Any CPU.Build.0 = Release|Any CPU
		{B512F8F9-7C65-4033-8B55-1FE4BC50D951}.Debug|Any CPU.ActiveCfg = Debug|Any CPU
		{B512F8F9-7C65-4033-8B55-1FE4BC50D951}.Debug|Any CPU.Build.0 = Debug|Any CPU
		{B512F8F9-7C65-4033-8B55-1FE4BC50D951}.Release|Any CPU.ActiveCfg = Release|Any CPU
		{B512F8F9-7C65-4033-8B55-1FE4BC50D951}.Release|Any CPU.Build.0 = Release|Any CPU
	EndGlobalSection
	GlobalSection(SolutionProperties) = preSolution
		HideSolutionNode = FALSE
	EndGlobalSection
EndGlobal
