
Microsoft Visual Studio Solution File, Format Version 12.00
# Visual Studio 14
VisualStudioVersion = 14.0.25420.1
MinimumVisualStudioVersion = 10.0.40219.1
Project("{8BC9CEB8-8B4A-11D0-8D11-00A0C91BC942}") = "01. DecimalToRome", "01.DecimalToRome\01.DecimalToRome.vcxproj", "{B5881496-C154-47C2-851D-32A74C6240B3}"
EndProject
Project("{8BC9CEB8-8B4A-11D0-8D11-00A0C91BC942}") = "02. DateOfBirth", "02. DateOfBirth\02. DateOfBirth.vcxproj", "{093CC9AD-BC4C-46ED-9450-2ECB9EE9E9C3}"
EndProject
Project("{8BC9CEB8-8B4A-11D0-8D11-00A0C91BC942}") = "SameDigitsInHexaNumSystem", "03. SameIn16NumSystem\03. SameIn16NumSystem.vcxproj", "{AACB23E5-4673-4C5C-81FF-E5216A42244B}"
EndProject
Global
	GlobalSection(SolutionConfigurationPlatforms) = preSolution
		Debug|x64 = Debug|x64
		Debug|x86 = Debug|x86
		Release|x64 = Release|x64
		Release|x86 = Release|x86
	EndGlobalSection
	GlobalSection(ProjectConfigurationPlatforms) = postSolution
		{B5881496-C154-47C2-851D-32A74C6240B3}.Debug|x64.ActiveCfg = Debug|x64
		{B5881496-C154-47C2-851D-32A74C6240B3}.Debug|x64.Build.0 = Debug|x64
		{B5881496-C154-47C2-851D-32A74C6240B3}.Debug|x86.ActiveCfg = Debug|Win32
		{B5881496-C154-47C2-851D-32A74C6240B3}.Debug|x86.Build.0 = Debug|Win32
		{B5881496-C154-47C2-851D-32A74C6240B3}.Release|x64.ActiveCfg = Release|x64
		{B5881496-C154-47C2-851D-32A74C6240B3}.Release|x64.Build.0 = Release|x64
		{B5881496-C154-47C2-851D-32A74C6240B3}.Release|x86.ActiveCfg = Release|Win32
		{B5881496-C154-47C2-851D-32A74C6240B3}.Release|x86.Build.0 = Release|Win32
		{093CC9AD-BC4C-46ED-9450-2ECB9EE9E9C3}.Debug|x64.ActiveCfg = Debug|x64
		{093CC9AD-BC4C-46ED-9450-2ECB9EE9E9C3}.Debug|x64.Build.0 = Debug|x64
		{093CC9AD-BC4C-46ED-9450-2ECB9EE9E9C3}.Debug|x86.ActiveCfg = Debug|Win32
		{093CC9AD-BC4C-46ED-9450-2ECB9EE9E9C3}.Debug|x86.Build.0 = Debug|Win32
		{093CC9AD-BC4C-46ED-9450-2ECB9EE9E9C3}.Release|x64.ActiveCfg = Release|x64
		{093CC9AD-BC4C-46ED-9450-2ECB9EE9E9C3}.Release|x64.Build.0 = Release|x64
		{093CC9AD-BC4C-46ED-9450-2ECB9EE9E9C3}.Release|x86.ActiveCfg = Release|Win32
		{093CC9AD-BC4C-46ED-9450-2ECB9EE9E9C3}.Release|x86.Build.0 = Release|Win32
		{AACB23E5-4673-4C5C-81FF-E5216A42244B}.Debug|x64.ActiveCfg = Debug|x64
		{AACB23E5-4673-4C5C-81FF-E5216A42244B}.Debug|x64.Build.0 = Debug|x64
		{AACB23E5-4673-4C5C-81FF-E5216A42244B}.Debug|x86.ActiveCfg = Debug|Win32
		{AACB23E5-4673-4C5C-81FF-E5216A42244B}.Debug|x86.Build.0 = Debug|Win32
		{AACB23E5-4673-4C5C-81FF-E5216A42244B}.Release|x64.ActiveCfg = Release|x64
		{AACB23E5-4673-4C5C-81FF-E5216A42244B}.Release|x64.Build.0 = Release|x64
		{AACB23E5-4673-4C5C-81FF-E5216A42244B}.Release|x86.ActiveCfg = Release|Win32
		{AACB23E5-4673-4C5C-81FF-E5216A42244B}.Release|x86.Build.0 = Release|Win32
	EndGlobalSection
	GlobalSection(SolutionProperties) = preSolution
		HideSolutionNode = FALSE
	EndGlobalSection
EndGlobal
